
Microsoft Visual Studio Solution File, Format Version 11.00
# Visual Studio 2010
Project("{FAE04EC0-301F-11D3-BF4B-00C04F79EFBC}") = "Assembly-CSharp", "Assembly-CSharp.csproj", "{DFDBB63E-FAC2-6903-5923-C229B0A1BC83}"
EndProject
Project("{FAE04EC0-301F-11D3-BF4B-00C04F79EFBC}") = "Assembly-CSharp-Editor", "Assembly-CSharp-Editor.csproj", "{2C876959-745D-CB80-3E43-A11C909A4BF9}"
EndProject
Global
	GlobalSection(SolutionConfigurationPlatforms) = preSolution
		Debug|Any CPU = Debug|Any CPU
		Release|Any CPU = Release|Any CPU
	EndGlobalSection
	GlobalSection(ProjectConfigurationPlatforms) = postSolution
		{DFDBB63E-FAC2-6903-5923-C229B0A1BC83}.Debug|Any CPU.ActiveCfg = Debug|Any CPU
		{DFDBB63E-FAC2-6903-5923-C229B0A1BC83}.Debug|Any CPU.Build.0 = Debug|Any CPU
		{DFDBB63E-FAC2-6903-5923-C229B0A1BC83}.Release|Any CPU.ActiveCfg = Release|Any CPU
		{DFDBB63E-FAC2-6903-5923-C229B0A1BC83}.Release|Any CPU.Build.0 = Release|Any CPU
		{2C876959-745D-CB80-3E43-A11C909A4BF9}.Debug|Any CPU.ActiveCfg = Debug|Any CPU
		{2C876959-745D-CB80-3E43-A11C909A4BF9}.Debug|Any CPU.Build.0 = Debug|Any CPU
		{2C876959-745D-CB80-3E43-A11C909A4BF9}.Release|Any CPU.ActiveCfg = Release|Any CPU
		{2C876959-745D-CB80-3E43-A11C909A4BF9}.Release|Any CPU.Build.0 = Release|Any CPU
	EndGlobalSection
	GlobalSection(SolutionProperties) = preSolution
		HideSolutionNode = FALSE
	EndGlobalSection
	GlobalSection(MonoDevelopProperties) = preSolution
		StartupItem = Assembly-CSharp.csproj
	EndGlobalSection
EndGlobal
