
Microsoft Visual Studio Solution File, Format Version 11.00
# Visual Studio 2010
Project("{FAE04EC0-301F-11D3-BF4B-00C04F79EFBC}") = "Assembly-CSharp", "Assembly-CSharp.csproj", "{6265CC3A-202D-1238-923F-4355787B680F}"
EndProject
Project("{FAE04EC0-301F-11D3-BF4B-00C04F79EFBC}") = "Assembly-CSharp-Editor", "Assembly-CSharp-Editor.csproj", "{2F0CF827-762D-9317-1FD7-730543B27359}"
EndProject
Global
	GlobalSection(SolutionConfigurationPlatforms) = preSolution
		Debug|Any CPU = Debug|Any CPU
		Release|Any CPU = Release|Any CPU
	EndGlobalSection
	GlobalSection(ProjectConfigurationPlatforms) = postSolution
		{6265CC3A-202D-1238-923F-4355787B680F}.Debug|Any CPU.ActiveCfg = Debug|Any CPU
		{6265CC3A-202D-1238-923F-4355787B680F}.Debug|Any CPU.Build.0 = Debug|Any CPU
		{6265CC3A-202D-1238-923F-4355787B680F}.Release|Any CPU.ActiveCfg = Release|Any CPU
		{6265CC3A-202D-1238-923F-4355787B680F}.Release|Any CPU.Build.0 = Release|Any CPU
		{2F0CF827-762D-9317-1FD7-730543B27359}.Debug|Any CPU.ActiveCfg = Debug|Any CPU
		{2F0CF827-762D-9317-1FD7-730543B27359}.Debug|Any CPU.Build.0 = Debug|Any CPU
		{2F0CF827-762D-9317-1FD7-730543B27359}.Release|Any CPU.ActiveCfg = Release|Any CPU
		{2F0CF827-762D-9317-1FD7-730543B27359}.Release|Any CPU.Build.0 = Release|Any CPU
	EndGlobalSection
	GlobalSection(SolutionProperties) = preSolution
		HideSolutionNode = FALSE
	EndGlobalSection
	GlobalSection(MonoDevelopProperties) = preSolution
		StartupItem = Assembly-CSharp.csproj
	EndGlobalSection
EndGlobal
